
Microsoft Visual Studio Solution File, Format Version 12.00
# Visual Studio 15
VisualStudioVersion = 15.0.26430.15
MinimumVisualStudioVersion = 10.0.40219.1
Project("{9A19103F-16F7-4668-BE54-9A1E7A4F7556}") = "TechMentorApi", "TechMentorApi\TechMentorApi.csproj", "{390843F8-0700-4CF3-AD6A-8E853227F01D}"
EndProject
Project("{9A19103F-16F7-4668-BE54-9A1E7A4F7556}") = "TechMentorApi.UnitTests", "TechMentorApi.UnitTests\TechMentorApi.UnitTests.csproj", "{17AF86B1-2E20-48BD-98DE-02B1BA8EA2A2}"
EndProject
Project("{9A19103F-16F7-4668-BE54-9A1E7A4F7556}") = "TechMentorApi.AcceptanceTests", "TechMentorApi.AcceptanceTests\TechMentorApi.AcceptanceTests.csproj", "{DFD4FF25-AF16-4DA0-BA04-FBAB17159D92}"
EndProject
Project("{9A19103F-16F7-4668-BE54-9A1E7A4F7556}") = "TechMentorApi.Model", "TechMentorApi.Model\TechMentorApi.Model.csproj", "{0CB9B194-054C-42F8-AAF2-D8F1E5F20B83}"
EndProject
Project("{9A19103F-16F7-4668-BE54-9A1E7A4F7556}") = "TechMentorApi.Azure", "TechMentorApi.Azure\TechMentorApi.Azure.csproj", "{B28B4BD6-43B0-49FE-B1E3-1EF0175D2297}"
EndProject
Project("{2150E333-8FDC-42A3-9474-1A3956D46DE8}") = "Application", "Application", "{84BFF4D4-DFBF-4061-8295-6A132B84DC1E}"
EndProject
Project("{2150E333-8FDC-42A3-9474-1A3956D46DE8}") = "Testing", "Testing", "{A1C5E883-3433-43BC-AAD3-1AA85D124F18}"
EndProject
Project("{9A19103F-16F7-4668-BE54-9A1E7A4F7556}") = "TechMentorApi.Azure.IntegrationTests", "TechMentorApi.Azure.IntegrationTests\TechMentorApi.Azure.IntegrationTests.csproj", "{F2737B36-D858-4F66-AF2F-401BB878788C}"
EndProject
Project("{9A19103F-16F7-4668-BE54-9A1E7A4F7556}") = "TechMentorApi.Model.UnitTests", "TechMentorApi.Model.UnitTests\TechMentorApi.Model.UnitTests.csproj", "{1126F1B5-A279-42FD-B815-018136463EE3}"
EndProject
Project("{9A19103F-16F7-4668-BE54-9A1E7A4F7556}") = "TechMentorApi.Business", "TechMentorApi.Business\TechMentorApi.Business.csproj", "{1508657F-141F-42B4-AF10-74778310A43D}"
EndProject
Project("{9A19103F-16F7-4668-BE54-9A1E7A4F7556}") = "TechMentorApi.Business.UnitTests", "TechMentorApi.Business.UnitTests\TechMentorApi.Business.UnitTests.csproj", "{B3E32378-09A4-4FD1-8C35-48B5D73D11C1}"
EndProject
Project("{2150E333-8FDC-42A3-9474-1A3956D46DE8}") = "Solution Items", "Solution Items", "{128653A0-520F-4070-AA43-C8EEA7A52CEF}"
	ProjectSection(SolutionItems) = preProject
		LICENSE = LICENSE
		README.md = README.md
	EndProjectSection
EndProject
Global
	GlobalSection(SolutionConfigurationPlatforms) = preSolution
		Debug|Any CPU = Debug|Any CPU
		Release|Any CPU = Release|Any CPU
	EndGlobalSection
	GlobalSection(ProjectConfigurationPlatforms) = postSolution
		{390843F8-0700-4CF3-AD6A-8E853227F01D}.Debug|Any CPU.ActiveCfg = Debug|Any CPU
		{390843F8-0700-4CF3-AD6A-8E853227F01D}.Debug|Any CPU.Build.0 = Debug|Any CPU
		{390843F8-0700-4CF3-AD6A-8E853227F01D}.Release|Any CPU.ActiveCfg = Release|Any CPU
		{390843F8-0700-4CF3-AD6A-8E853227F01D}.Release|Any CPU.Build.0 = Release|Any CPU
		{17AF86B1-2E20-48BD-98DE-02B1BA8EA2A2}.Debug|Any CPU.ActiveCfg = Debug|Any CPU
		{17AF86B1-2E20-48BD-98DE-02B1BA8EA2A2}.Debug|Any CPU.Build.0 = Debug|Any CPU
		{17AF86B1-2E20-48BD-98DE-02B1BA8EA2A2}.Release|Any CPU.ActiveCfg = Release|Any CPU
		{17AF86B1-2E20-48BD-98DE-02B1BA8EA2A2}.Release|Any CPU.Build.0 = Release|Any CPU
		{DFD4FF25-AF16-4DA0-BA04-FBAB17159D92}.Debug|Any CPU.ActiveCfg = Debug|Any CPU
		{DFD4FF25-AF16-4DA0-BA04-FBAB17159D92}.Debug|Any CPU.Build.0 = Debug|Any CPU
		{DFD4FF25-AF16-4DA0-BA04-FBAB17159D92}.Release|Any CPU.ActiveCfg = Release|Any CPU
		{DFD4FF25-AF16-4DA0-BA04-FBAB17159D92}.Release|Any CPU.Build.0 = Release|Any CPU
		{0CB9B194-054C-42F8-AAF2-D8F1E5F20B83}.Debug|Any CPU.ActiveCfg = Debug|Any CPU
		{0CB9B194-054C-42F8-AAF2-D8F1E5F20B83}.Debug|Any CPU.Build.0 = Debug|Any CPU
		{0CB9B194-054C-42F8-AAF2-D8F1E5F20B83}.Release|Any CPU.ActiveCfg = Release|Any CPU
		{0CB9B194-054C-42F8-AAF2-D8F1E5F20B83}.Release|Any CPU.Build.0 = Release|Any CPU
		{B28B4BD6-43B0-49FE-B1E3-1EF0175D2297}.Debug|Any CPU.ActiveCfg = Debug|Any CPU
		{B28B4BD6-43B0-49FE-B1E3-1EF0175D2297}.Debug|Any CPU.Build.0 = Debug|Any CPU
		{B28B4BD6-43B0-49FE-B1E3-1EF0175D2297}.Release|Any CPU.ActiveCfg = Release|Any CPU
		{B28B4BD6-43B0-49FE-B1E3-1EF0175D2297}.Release|Any CPU.Build.0 = Release|Any CPU
		{F2737B36-D858-4F66-AF2F-401BB878788C}.Debug|Any CPU.ActiveCfg = Debug|Any CPU
		{F2737B36-D858-4F66-AF2F-401BB878788C}.Debug|Any CPU.Build.0 = Debug|Any CPU
		{F2737B36-D858-4F66-AF2F-401BB878788C}.Release|Any CPU.ActiveCfg = Release|Any CPU
		{F2737B36-D858-4F66-AF2F-401BB878788C}.Release|Any CPU.Build.0 = Release|Any CPU
		{1126F1B5-A279-42FD-B815-018136463EE3}.Debug|Any CPU.ActiveCfg = Debug|Any CPU
		{1126F1B5-A279-42FD-B815-018136463EE3}.Debug|Any CPU.Build.0 = Debug|Any CPU
		{1126F1B5-A279-42FD-B815-018136463EE3}.Release|Any CPU.ActiveCfg = Release|Any CPU
		{1126F1B5-A279-42FD-B815-018136463EE3}.Release|Any CPU.Build.0 = Release|Any CPU
		{1508657F-141F-42B4-AF10-74778310A43D}.Debug|Any CPU.ActiveCfg = Debug|Any CPU
		{1508657F-141F-42B4-AF10-74778310A43D}.Debug|Any CPU.Build.0 = Debug|Any CPU
		{1508657F-141F-42B4-AF10-74778310A43D}.Release|Any CPU.ActiveCfg = Release|Any CPU
		{1508657F-141F-42B4-AF10-74778310A43D}.Release|Any CPU.Build.0 = Release|Any CPU
		{B3E32378-09A4-4FD1-8C35-48B5D73D11C1}.Debug|Any CPU.ActiveCfg = Debug|Any CPU
		{B3E32378-09A4-4FD1-8C35-48B5D73D11C1}.Debug|Any CPU.Build.0 = Debug|Any CPU
		{B3E32378-09A4-4FD1-8C35-48B5D73D11C1}.Release|Any CPU.ActiveCfg = Release|Any CPU
		{B3E32378-09A4-4FD1-8C35-48B5D73D11C1}.Release|Any CPU.Build.0 = Release|Any CPU
	EndGlobalSection
	GlobalSection(SolutionProperties) = preSolution
		HideSolutionNode = FALSE
	EndGlobalSection
	GlobalSection(NestedProjects) = preSolution
		{390843F8-0700-4CF3-AD6A-8E853227F01D} = {84BFF4D4-DFBF-4061-8295-6A132B84DC1E}
		{17AF86B1-2E20-48BD-98DE-02B1BA8EA2A2} = {A1C5E883-3433-43BC-AAD3-1AA85D124F18}
		{DFD4FF25-AF16-4DA0-BA04-FBAB17159D92} = {A1C5E883-3433-43BC-AAD3-1AA85D124F18}
		{0CB9B194-054C-42F8-AAF2-D8F1E5F20B83} = {84BFF4D4-DFBF-4061-8295-6A132B84DC1E}
		{B28B4BD6-43B0-49FE-B1E3-1EF0175D2297} = {84BFF4D4-DFBF-4061-8295-6A132B84DC1E}
		{F2737B36-D858-4F66-AF2F-401BB878788C} = {A1C5E883-3433-43BC-AAD3-1AA85D124F18}
		{1126F1B5-A279-42FD-B815-018136463EE3} = {A1C5E883-3433-43BC-AAD3-1AA85D124F18}
		{1508657F-141F-42B4-AF10-74778310A43D} = {84BFF4D4-DFBF-4061-8295-6A132B84DC1E}
		{B3E32378-09A4-4FD1-8C35-48B5D73D11C1} = {A1C5E883-3433-43BC-AAD3-1AA85D124F18}
	EndGlobalSection
EndGlobal
